
Microsoft Visual Studio Solution File, Format Version 12.00
# Visual Studio Version 17
VisualStudioVersion = 17.14.36414.22 d17.14
MinimumVisualStudioVersion = 10.0.40219.1
Project("{FAE04EC0-301F-11D3-BF4B-00C04F79EFBC}") = "DSA_Practice", "DSA_Practice.csproj", "{990CA2B7-C3EC-43E3-82F3-D7844BC579BF}"
EndProject
Project("{FAE04EC0-301F-11D3-BF4B-00C04F79EFBC}") = "LinkedList", "..\LinkedList\LinkedList.csproj", "{15C7E484-5F18-4E0E-938D-A320830917D0}"
EndProject
Global
	GlobalSection(SolutionConfigurationPlatforms) = preSolution
		Debug|Any CPU = Debug|Any CPU
		Release|Any CPU = Release|Any CPU
	EndGlobalSection
	GlobalSection(ProjectConfigurationPlatforms) = postSolution
		{990CA2B7-C3EC-43E3-82F3-D7844BC579BF}.Debug|Any CPU.ActiveCfg = Debug|Any CPU
		{990CA2B7-C3EC-43E3-82F3-D7844BC579BF}.Debug|Any CPU.Build.0 = Debug|Any CPU
		{990CA2B7-C3EC-43E3-82F3-D7844BC579BF}.Release|Any CPU.ActiveCfg = Release|Any CPU
		{990CA2B7-C3EC-43E3-82F3-D7844BC579BF}.Release|Any CPU.Build.0 = Release|Any CPU
		{15C7E484-5F18-4E0E-938D-A320830917D0}.Debug|Any CPU.ActiveCfg = Debug|Any CPU
		{15C7E484-5F18-4E0E-938D-A320830917D0}.Debug|Any CPU.Build.0 = Debug|Any CPU
		{15C7E484-5F18-4E0E-938D-A320830917D0}.Release|Any CPU.ActiveCfg = Release|Any CPU
		{15C7E484-5F18-4E0E-938D-A320830917D0}.Release|Any CPU.Build.0 = Release|Any CPU
	EndGlobalSection
	GlobalSection(SolutionProperties) = preSolution
		HideSolutionNode = FALSE
	EndGlobalSection
	GlobalSection(ExtensibilityGlobals) = postSolution
		SolutionGuid = {A164A93E-8E4A-415D-B16C-1AB1DFED0E33}
	EndGlobalSection
EndGlobal
